{
  "name": "complex_",
  "version": "1.0.0",
  "lockfileVersion": 1,
  "requires": true,
  "dependencies": {
    "@types/complex": {
      "version": "3.0.30",
      "resolved": "https://registry.npmjs.org/@types/complex/-/complex-3.0.30.tgz",
      "integrity": "sha1-Ls8CQeIKacjtEoSrVFRjS8LcvOw="
    },
    "complex": {
      "version": "3.0.1",
      "resolved": "https://registry.npmjs.org/complex/-/complex-3.0.1.tgz",
      "integrity": "sha1-TS3gmB61lcKgtgFr8B/wnPa3/Kw="
    }
  }
}
